
Microsoft Visual Studio Solution File, Format Version 12.00
# Visual Studio Version 17
VisualStudioVersion = 17.11.35312.102
MinimumVisualStudioVersion = 10.0.40219.1
Project("{FAE04EC0-301F-11D3-BF4B-00C04F79EFBC}") = "OpenId", "OpenId.csproj", "{5263291F-0696-48ED-B17D-4C30AAC2168B}"
EndProject
Global
	GlobalSection(SolutionConfigurationPlatforms) = preSolution
		Debug|Any CPU = Debug|Any CPU
		Release|Any CPU = Release|Any CPU
	EndGlobalSection
	GlobalSection(ProjectConfigurationPlatforms) = postSolution
		{5263291F-0696-48ED-B17D-4C30AAC2168B}.Debug|Any CPU.ActiveCfg = Debug|Any CPU
		{5263291F-0696-48ED-B17D-4C30AAC2168B}.Debug|Any CPU.Build.0 = Debug|Any CPU
		{5263291F-0696-48ED-B17D-4C30AAC2168B}.Release|Any CPU.ActiveCfg = Release|Any CPU
		{5263291F-0696-48ED-B17D-4C30AAC2168B}.Release|Any CPU.Build.0 = Release|Any CPU
	EndGlobalSection
	GlobalSection(SolutionProperties) = preSolution
		HideSolutionNode = FALSE
	EndGlobalSection
	GlobalSection(ExtensibilityGlobals) = postSolution
		SolutionGuid = {F9FB29DA-A186-4DDA-9223-F535591B69F3}
	EndGlobalSection
EndGlobal
